
Microsoft Visual Studio Solution File, Format Version 12.00
# Visual Studio Version 16
VisualStudioVersion = 16.0.30711.63
MinimumVisualStudioVersion = 10.0.40219.1
Project("{FAE04EC0-301F-11D3-BF4B-00C04F79EFBC}") = "WebApiMobike", "WebApiMobike.csproj", "{5049BC70-93CD-4298-B2B3-02610E0F5157}"
EndProject
Global
	GlobalSection(SolutionConfigurationPlatforms) = preSolution
		Debug|Any CPU = Debug|Any CPU
		Release|Any CPU = Release|Any CPU
	EndGlobalSection
	GlobalSection(ProjectConfigurationPlatforms) = postSolution
		{5049BC70-93CD-4298-B2B3-02610E0F5157}.Debug|Any CPU.ActiveCfg = Debug|Any CPU
		{5049BC70-93CD-4298-B2B3-02610E0F5157}.Debug|Any CPU.Build.0 = Debug|Any CPU
		{5049BC70-93CD-4298-B2B3-02610E0F5157}.Release|Any CPU.ActiveCfg = Release|Any CPU
		{5049BC70-93CD-4298-B2B3-02610E0F5157}.Release|Any CPU.Build.0 = Release|Any CPU
	EndGlobalSection
	GlobalSection(SolutionProperties) = preSolution
		HideSolutionNode = FALSE
	EndGlobalSection
	GlobalSection(ExtensibilityGlobals) = postSolution
		SolutionGuid = {7037C298-BCA9-4495-BFF7-252966C9EE13}
	EndGlobalSection
EndGlobal
